{
    "_meta": {
        "hash": {
            "sha256": "eaae637148cca6fd38587b8d22ea500e821d7b54feaf1efe87deb9fdc779e247"
        },
        "pipfile-spec": 6,
        "requires": {
            "python_version": "3.6"
        },
        "sources": [
            {
                "name": "pypi",
                "url": "https://pypi.org/simple",
                "verify_ssl": true
            }
        ]
    },
    "default": {
        "django": {
            "hashes": [
                "sha256:1a41831eace203fd1939edf899e07d7abd12ce9bafc3d9a5a63a24a8d1d12bd5",
                "sha256:305b6c4fce9e03bb746e35780c2c4d52f29ea1669f15633cfd41bc8821c74c76"
            ],
            "index": "pypi",
            "version": "==2.1.11"
        },
        "django-debug-toolbar": {
            "hashes": [
                "sha256:17c53cd6bf4e7d69902aedf9a1d26c5d3b7369b54c5718744704f27b5a72f35d",
                "sha256:9a23ada2e43cd989195db3c18710b5d7451134a0d48127ab64c1d2ad81700342"
            ],
            "index": "pypi",
            "version": "==2.0"
        },
        "django-pyodbc-azure": {
            "hashes": [
                "sha256:1fa3b31f4432ef2c90c434b284ad093478f8221121dafef05fafbe2c4d872211"
            ],
            "index": "pypi",
            "version": "==2.1.0.0"
        },
        "pipfile": {
            "hashes": [
                "sha256:f7d9f15de8b660986557eb3cc5391aa1a16207ac41bc378d03f414762d36c984"
            ],
            "index": "pypi",
            "version": "==0.0.2"
        },
        "pyodbc": {
            "hashes": [
                "sha256:1b87eddbd50a8ef2703ca98dae69e3c83b04aaa7be0f5ae2d8a16fc56f6fe33c",
                "sha256:2b5628e1bb56e60f22514b058b591a60b013fcfa5c6d712265608cc0e089a2cd",
                "sha256:3e4a24a5136f631b7097f1fd457cb9c4f4fed2e92101f98040b6d09f7b71eb52",
                "sha256:52a3a0bc7907cdc0445678c31504cdabfde5ca7b045861ab1182f32064ff9b57",
                "sha256:561a09f26bc3d7dfb1289758c5986ed2dffd5a255cbbca691f23b65089290585",
                "sha256:7272ddd060f98bfe4bcb932a82054bdee1f93b22df521b6279dd45b9af75d046",
                "sha256:7340c360d40f7b28de1f331a7737cdea0429982651ab09014942d62acb08a7c2",
                "sha256:ad442d09a22cf9cdf196747536c66655e0c0aa26acb6d011310bf7be1c8b4395",
                "sha256:b213a6a4f0e8edcb6fb4fba39c0f55352f59a37fe4d423fd6c1c30396bd92434",
                "sha256:b7cd40840645f44c0aca5ea58d501c4d06621d1f1ec261c43e4d72e0a0aa37b4",
                "sha256:c059fda16b106b3cd6715ee4e2b863b367e567fd17f8eba8f1a47e5d3d1c2457",
                "sha256:c348a3767fc7c729a541bb3a8cf12e944153f715c50fc7898aa7ab2e26b350ec",
                "sha256:cc47196dec430c9832ea5349eacbb3942431eff4b3432fc2a146013715ba9862",
                "sha256:f1fd237342fe1d716f00cb09cbf6d84c4e7efb011361a662a8480e27d8f5bba0"
            ],
            "index": "pypi",
            "version": "==4.0.27"
        },
        "pytz": {
            "hashes": [
                "sha256:26c0b32e437e54a18161324a2fca3c4b9846b74a8dccddd843113109e1116b32",
                "sha256:c894d57500a4cd2d5c71114aaab77dbab5eabd9022308ce5ac9bb93a60a6f0c7"
            ],
            "version": "==2019.2"
        },
        "sqlparse": {
            "hashes": [
                "sha256:40afe6b8d4b1117e7dff5504d7a8ce07d9a1b15aeeade8a2d10f130a834f8177",
                "sha256:7c3dca29c022744e95b547e867cee89f4fce4373f3549ccd8797d8eb52cdb873"
            ],
            "version": "==0.3.0"
        },
        "toml": {
            "hashes": [
                "sha256:229f81c57791a41d65e399fc06bf0848bab550a9dfd5ed66df18ce5f05e73d5c",
                "sha256:235682dd292d5899d361a811df37e04a8828a5b1da3115886b73cf81ebc9100e"
            ],
            "version": "==0.10.0"
        }
    },
    "develop": {}
}
